
Microsoft Visual Studio Solution File, Format Version 12.00
# Visual Studio Version 17
VisualStudioVersion = 17.9.34728.123
MinimumVisualStudioVersion = 10.0.40219.1
Project("{FAE04EC0-301F-11D3-BF4B-00C04F79EFBC}") = "SshPoc", "SshPoc\SshPoc.csproj", "{141BFE29-D171-4E88-B387-89C0C6FD7C3D}"
EndProject
Global
	GlobalSection(SolutionConfigurationPlatforms) = preSolution
		Debug|Any CPU = Debug|Any CPU
		Release|Any CPU = Release|Any CPU
	EndGlobalSection
	GlobalSection(ProjectConfigurationPlatforms) = postSolution
		{141BFE29-D171-4E88-B387-89C0C6FD7C3D}.Debug|Any CPU.ActiveCfg = Debug|Any CPU
		{141BFE29-D171-4E88-B387-89C0C6FD7C3D}.Debug|Any CPU.Build.0 = Debug|Any CPU
		{141BFE29-D171-4E88-B387-89C0C6FD7C3D}.Release|Any CPU.ActiveCfg = Release|Any CPU
		{141BFE29-D171-4E88-B387-89C0C6FD7C3D}.Release|Any CPU.Build.0 = Release|Any CPU
	EndGlobalSection
	GlobalSection(SolutionProperties) = preSolution
		HideSolutionNode = FALSE
	EndGlobalSection
	GlobalSection(ExtensibilityGlobals) = postSolution
		SolutionGuid = {058126DB-5D91-4C62-9CB9-69E1A635A91E}
	EndGlobalSection
EndGlobal
