
Microsoft Visual Studio Solution File, Format Version 12.00
# Visual Studio Version 17
VisualStudioVersion = 17.9.34728.123
MinimumVisualStudioVersion = 10.0.40219.1
Project("{9A19103F-16F7-4668-BE54-9A1E7A4F7556}") = "SshPoc", "SshPoc\SshPoc.csproj", "{141BFE29-D171-4E88-B387-89C0C6FD7C3D}"
EndProject
Project("{9A19103F-16F7-4668-BE54-9A1E7A4F7556}") = "ConsoleSshConnect", "ConsoleSshConnect\ConsoleSshConnect.csproj", "{6DCB529E-7154-426E-94E0-BE612EC70E8A}"
EndProject
Project("{9A19103F-16F7-4668-BE54-9A1E7A4F7556}") = "ConsoleSerialConnect", "ConsoleSerialConnect\ConsoleSerialConnect.csproj", "{D6E01F32-1A49-48BB-91DA-10D8D8FA3C40}"
EndProject
Project("{FAE04EC0-301F-11D3-BF4B-00C04F79EFBC}") = "YamlParser", "YamlParser\YamlParser.csproj", "{F2EEC1DC-714E-4269-8213-57220F3FF3F3}"
EndProject
Global
	GlobalSection(SolutionConfigurationPlatforms) = preSolution
		Debug|Any CPU = Debug|Any CPU
		Release|Any CPU = Release|Any CPU
	EndGlobalSection
	GlobalSection(ProjectConfigurationPlatforms) = postSolution
		{141BFE29-D171-4E88-B387-89C0C6FD7C3D}.Debug|Any CPU.ActiveCfg = Debug|Any CPU
		{141BFE29-D171-4E88-B387-89C0C6FD7C3D}.Debug|Any CPU.Build.0 = Debug|Any CPU
		{141BFE29-D171-4E88-B387-89C0C6FD7C3D}.Release|Any CPU.ActiveCfg = Release|Any CPU
		{141BFE29-D171-4E88-B387-89C0C6FD7C3D}.Release|Any CPU.Build.0 = Release|Any CPU
		{6DCB529E-7154-426E-94E0-BE612EC70E8A}.Debug|Any CPU.ActiveCfg = Debug|Any CPU
		{6DCB529E-7154-426E-94E0-BE612EC70E8A}.Debug|Any CPU.Build.0 = Debug|Any CPU
		{6DCB529E-7154-426E-94E0-BE612EC70E8A}.Release|Any CPU.ActiveCfg = Release|Any CPU
		{6DCB529E-7154-426E-94E0-BE612EC70E8A}.Release|Any CPU.Build.0 = Release|Any CPU
		{D6E01F32-1A49-48BB-91DA-10D8D8FA3C40}.Debug|Any CPU.ActiveCfg = Debug|Any CPU
		{D6E01F32-1A49-48BB-91DA-10D8D8FA3C40}.Debug|Any CPU.Build.0 = Debug|Any CPU
		{D6E01F32-1A49-48BB-91DA-10D8D8FA3C40}.Release|Any CPU.ActiveCfg = Release|Any CPU
		{D6E01F32-1A49-48BB-91DA-10D8D8FA3C40}.Release|Any CPU.Build.0 = Release|Any CPU
		{408737F5-71EF-4736-B40C-6D9E3298D32F}.Debug|Any CPU.ActiveCfg = Debug
		{408737F5-71EF-4736-B40C-6D9E3298D32F}.Debug|Any CPU.Build.0 = Debug
		{408737F5-71EF-4736-B40C-6D9E3298D32F}.Release|Any CPU.ActiveCfg = Release
		{408737F5-71EF-4736-B40C-6D9E3298D32F}.Release|Any CPU.Build.0 = Release
	EndGlobalSection
	GlobalSection(SolutionProperties) = preSolution
		HideSolutionNode = FALSE
	EndGlobalSection
	GlobalSection(ExtensibilityGlobals) = postSolution
		SolutionGuid = {058126DB-5D91-4C62-9CB9-69E1A635A91E}
	EndGlobalSection
EndGlobal
